
Microsoft Visual Studio Solution File, Format Version 12.00
# Visual Studio Version 17
VisualStudioVersion = 17.5.002.0
MinimumVisualStudioVersion = 10.0.40219.1
Project("{9A19103F-16F7-4668-BE54-9A1E7A4F7556}") = "TodoApp", "TodoApp.csproj", "{B64BAF6B-4624-429E-9D52-F6675FA9BCE7}"
EndProject
Global
	GlobalSection(SolutionConfigurationPlatforms) = preSolution
		Debug|Any CPU = Debug|Any CPU
		Release|Any CPU = Release|Any CPU
	EndGlobalSection
	GlobalSection(ProjectConfigurationPlatforms) = postSolution
		{B64BAF6B-4624-429E-9D52-F6675FA9BCE7}.Debug|Any CPU.ActiveCfg = Debug|Any CPU
		{B64BAF6B-4624-429E-9D52-F6675FA9BCE7}.Debug|Any CPU.Build.0 = Debug|Any CPU
		{B64BAF6B-4624-429E-9D52-F6675FA9BCE7}.Release|Any CPU.ActiveCfg = Release|Any CPU
		{B64BAF6B-4624-429E-9D52-F6675FA9BCE7}.Release|Any CPU.Build.0 = Release|Any CPU
	EndGlobalSection
	GlobalSection(SolutionProperties) = preSolution
		HideSolutionNode = FALSE
	EndGlobalSection
	GlobalSection(ExtensibilityGlobals) = postSolution
		SolutionGuid = {4B28268E-50FD-43B5-8A92-AAF1944B2983}
	EndGlobalSection
EndGlobal
